// !$*UTF8*$!
{
	archiveVersion = 1;
	classes = {
	};
	objectVersion = 50;
	objects = {

/* Begin PBXBuildFile section */
		31801B34256BDD3200492439 /* AppDelegate.swift in Sources */ = {isa = PBXBuildFile; fileRef = 31801B33256BDD3200492439 /* AppDelegate.swift */; };
		31801B36256BDD3200492439 /* SceneDelegate.swift in Sources */ = {isa = PBXBuildFile; fileRef = 31801B35256BDD3200492439 /* SceneDelegate.swift */; };
		31801B38256BDD3200492439 /* ViewController.swift in Sources */ = {isa = PBXBuildFile; fileRef = 31801B37256BDD3200492439 /* ViewController.swift */; };
		31801B3B256BDD3200492439 /* Main.storyboard in Resources */ = {isa = PBXBuildFile; fileRef = 31801B39256BDD3200492439 /* Main.storyboard */; };
		31801B3D256BDD3300492439 /* Assets.xcassets in Resources */ = {isa = PBXBuildFile; fileRef = 31801B3C256BDD3300492439 /* Assets.xcassets */; };
		31801B40256BDD3300492439 /* LaunchScreen.storyboard in Resources */ = {isa = PBXBuildFile; fileRef = 31801B3E256BDD3300492439 /* LaunchScreen.storyboard */; };
/* End PBXBuildFile section */

/* Begin PBXFileReference section */
		31801B30256BDD3200492439 /* SecondKadaiApp03.app */ = {isa = PBXFileReference; explicitFileType = wrapper.application; includeInIndex = 0; path = SecondKadaiApp03.app; sourceTree = BUILT_PRODUCTS_DIR; };
		31801B33256BDD3200492439 /* AppDelegate.swift */ = {isa = PBXFileReference; lastKnownFileType = sourcecode.swift; path = AppDelegate.swift; sourceTree = "<group>"; };
		31801B35256BDD3200492439 /* SceneDelegate.swift */ = {isa = PBXFileReference; lastKnownFileType = sourcecode.swift; path = SceneDelegate.swift; sourceTree = "<group>"; };
		31801B37256BDD3200492439 /* ViewController.swift */ = {isa = PBXFileReference; lastKnownFileType = sourcecode.swift; path = ViewController.swift; sourceTree = "<group>"; };
		31801B3A256BDD3200492439 /* Base */ = {isa = PBXFileReference; lastKnownFileType = file.storyboard; name = Base; path = Base.lproj/Main.storyboard; sourceTree = "<group>"; };
		31801B3C256BDD3300492439 /* Assets.xcassets */ = {isa = PBXFileReference; lastKnownFileType = folder.assetcatalog; path = Assets.xcassets; sourceTree = "<group>"; };
		31801B3F256BDD3300492439 /* Base */ = {isa = PBXFileReference; lastKnownFileType = file.storyboard; name = Base; path = Base.lproj/LaunchScreen.storyboard; sourceTree = "<group>"; };
		31801B41256BDD3300492439 /* Info.plist */ = {isa = PBXFileReference; lastKnownFileType = text.plist.xml; path = Info.plist; sourceTree = "<group>"; };
/* End PBXFileReference section */

/* Begin PBXFrameworksBuildPhase section */
		31801B2D256BDD3200492439 /* Frameworks */ = {
			isa = PBXFrameworksBuildPhase;
			buildActionMask = 2147483647;
			files = (
			);
			runOnlyForDeploymentPostprocessing = 0;
		};
/* End PBXFrameworksBuildPhase section */

/* Begin PBXGroup section */
		31801B27256BDD3200492439 = {
			isa = PBXGroup;
			children = (
				31801B32256BDD3200492439 /* SecondKadaiApp03 */,
				31801B31256BDD3200492439 /* Products */,
			);
			sourceTree = "<group>";
		};
		31801B31256BDD3200492439 /* Products */ = {
			isa = PBXGroup;
			children = (
				31801B30256BDD3200492439 /* SecondKadaiApp03.app */,
			);
			name = Products;
			sourceTree = "<group>";
		};
		31801B32256BDD3200492439 /* SecondKadaiApp03 */ = {
			isa = PBXGroup;
			children = (
				31801B33256BDD3200492439 /* AppDelegate.swift */,
				31801B35256BDD3200492439 /* SceneDelegate.swift */,
				31801B37256BDD3200492439 /* ViewController.swift */,
				31801B39256BDD3200492439 /* Main.storyboard */,
				31801B3C256BDD3300492439 /* Assets.xcassets */,
				31801B3E256BDD3300492439 /* LaunchScreen.storyboard */,
				31801B41256BDD3300492439 /* Info.plist */,
			);
			path = SecondKadaiApp03;
			sourceTree = "<group>";
		};
/* End PBXGroup section */

/* Begin PBXNativeTarget section */
		31801B2F256BDD3200492439 /* SecondKadaiApp03 */ = {
			isa = PBXNativeTarget;
			buildConfigurationList = 31801B44256BDD3300492439 /* Build configuration list for PBXNativeTarget "SecondKadaiApp03" */;
			buildPhases = (
				31801B2C256BDD3200492439 /* Sources */,
				31801B2D256BDD3200492439 /* Frameworks */,
				31801B2E256BDD3200492439 /* Resources */,
			);
			buildRules = (
			);
			dependencies = (
			);
			name = SecondKadaiApp03;
			productName = SecondKadaiApp03;
			productReference = 31801B30256BDD3200492439 /* SecondKadaiApp03.app */;
			productType = "com.apple.product-type.application";
		};
/* End PBXNativeTarget section */

/* Begin PBXProject section */
		31801B28256BDD3200492439 /* Project object */ = {
			isa = PBXProject;
			attributes = {
				LastSwiftUpdateCheck = 1160;
				LastUpgradeCheck = 1160;
				ORGANIZATIONNAME = tomohiro.yoshimura;
				TargetAttributes = {
					31801B2F256BDD3200492439 = {
						CreatedOnToolsVersion = 11.6;
					};
				};
			};
			buildConfigurationList = 31801B2B256BDD3200492439 /* Build configuration list for PBXProject "SecondKadaiApp03" */;
			compatibilityVersion = "Xcode 9.3";
			developmentRegion = en;
			hasScannedForEncodings = 0;
			knownRegions = (
				en,
				Base,
			);
			mainGroup = 31801B27256BDD3200492439;
			productRefGroup = 31801B31256BDD3200492439 /* Products */;
			projectDirPath = "";
			projectRoot = "";
			targets = (
				31801B2F256BDD3200492439 /* SecondKadaiApp03 */,
			);
		};
/* End PBXProject section */

/* Begin PBXResourcesBuildPhase section */
		31801B2E256BDD3200492439 /* Resources */ = {
			isa = PBXResourcesBuildPhase;
			buildActionMask = 2147483647;
			files = (
				31801B40256BDD3300492439 /* LaunchScreen.storyboard in Resources */,
				31801B3D256BDD3300492439 /* Assets.xcassets in Resources */,
				31801B3B256BDD3200492439 /* Main.storyboard in Resources */,
			);
			runOnlyForDeploymentPostprocessing = 0;
		};
/* End PBXResourcesBuildPhase section */

/* Begin PBXSourcesBuildPhase section */
		31801B2C256BDD3200492439 /* Sources */ = {
			isa = PBXSourcesBuildPhase;
			buildActionMask = 2147483647;
			files = (
				31801B38256BDD3200492439 /* ViewController.swift in Sources */,
				31801B34256BDD3200492439 /* AppDelegate.swift in Sources */,
				31801B36256BDD3200492439 /* SceneDelegate.swift in Sources */,
			);
			runOnlyForDeploymentPostprocessing = 0;
		};
/* End PBXSourcesBuildPhase section */

/* Begin PBXVariantGroup section */
		31801B39256BDD3200492439 /* Main.storyboard */ = {
			isa = PBXVariantGroup;
			children = (
				31801B3A256BDD3200492439 /* Base */,
			);
			name = Main.storyboard;
			sourceTree = "<group>";
		};
		31801B3E256BDD3300492439 /* LaunchScreen.storyboard */ = {
			isa = PBXVariantGroup;
			children = (
				31801B3F256BDD3300492439 /* Base */,
			);
			name = LaunchScreen.storyboard;
			sourceTree = "<group>";
		};
/* End PBXVariantGroup section */

/* Begin XCBuildConfiguration section */
		31801B42256BDD3300492439 /* Debug */ = {
			isa = XCBuildConfiguration;
			buildSettings = {
				ALWAYS_SEARCH_USER_PATHS = NO;
				CLANG_ANALYZER_NONNULL = YES;
				CLANG_ANALYZER_NUMBER_OBJECT_CONVERSION = YES_AGGRESSIVE;
				CLANG_CXX_LANGUAGE_STANDARD = "gnu++14";
				CLANG_CXX_LIBRARY = "libc++";
				CLANG_ENABLE_MODULES = YES;
				CLANG_ENABLE_OBJC_ARC = YES;
				CLANG_ENABLE_OBJC_WEAK = YES;
				CLANG_WARN_BLOCK_CAPTURE_AUTORELEASING = YES;
				CLANG_WARN_BOOL_CONVERSION = YES;
				CLANG_WARN_COMMA = YES;
				CLANG_WARN_CONSTANT_CONVERSION = YES;
				CLANG_WARN_DEPRECATED_OBJC_IMPLEMENTATIONS = YES;
				CLANG_WARN_DIRECT_OBJC_ISA_USAGE = YES_ERROR;
				CLANG_WARN_DOCUMENTATION_COMMENTS = YES;
				CLANG_WARN_EMPTY_BODY = YES;
				CLANG_WARN_ENUM_CONVERSION = YES;
				CLANG_WARN_INFINITE_RECURSION = YES;
				CLANG_WARN_INT_CONVERSION = YES;
				CLANG_WARN_NON_LITERAL_NULL_CONVERSION = YES;
				CLANG_WARN_OBJC_IMPLICIT_RETAIN_SELF = YES;
				CLANG_WARN_OBJC_LITERAL_CONVERSION = YES;
				CLANG_WARN_OBJC_ROOT_CLASS = YES_ERROR;
				CLANG_WARN_RANGE_LOOP_ANALYSIS = YES;
				CLANG_WARN_STRICT_PROTOTYPES = YES;
				CLANG_WARN_SUSPICIOUS_MOVE = YES;
				CLANG_WARN_UNGUARDED_AVAILABILITY = YES_AGGRESSIVE;
				CLANG_WARN_UNREACHABLE_CODE = YES;
				CLANG_WARN__DUPLICATE_METHOD_MATCH = YES;
				COPY_PHASE_STRIP = NO;
				DEBUG_INFORMATION_FORMAT = dwarf;
				ENABLE_STRICT_OBJC_MSGSEND = YES;
				ENABLE_TESTABILITY = YES;
				GCC_C_LANGUAGE_STANDARD = gnu11;
				GCC_DYNAMIC_NO_PIC = NO;
				GCC_NO_COMMON_BLOCKS = YES;
				GCC_OPTIMIZATION_LEVEL = 0;
				GCC_PREPROCESSOR_DEFINITIONS = (
					"DEBUG=1",
					"$(inherited)",
				);
				GCC_WARN_64_TO_32_BIT_CONVERSION = YES;
				GCC_WARN_ABOUT_RETURN_TYPE = YES_ERROR;
				GCC_WARN_UNDECLARED_SELECTOR = YES;
				GCC_WARN_UNINITIALIZED_AUTOS = YES_AGGRESSIVE;
				GCC_WARN_UNUSED_FUNCTION = YES;
				GCC_WARN_UNUSED_VARIABLE = YES;
				IPHONEOS_DEPLOYMENT_TARGET = 13.6;
				MTL_ENABLE_DEBUG_INFO = INCLUDE_SOURCE;
				MTL_FAST_MATH = YES;
				ONLY_ACTIVE_ARCH = YES;
				SDKROOT = iphoneos;
				SWIFT_ACTIVE_COMPILATION_CONDITIONS = DEBUG;
				SWIFT_OPTIMIZATION_LEVEL = "-Onone";
			};
			name = Debug;
		};
		31801B43256BDD3300492439 /* Release */ = {
			isa = XCBuildConfiguration;
			buildSettings = {
				ALWAYS_SEARCH_USER_PATHS = NO;
				CLANG_ANALYZER_NONNULL = YES;
				CLANG_ANALYZER_NUMBER_OBJECT_CONVERSION = YES_AGGRESSIVE;
				CLANG_CXX_LANGUAGE_STANDARD = "gnu++14";
				CLANG_CXX_LIBRARY = "libc++";
				CLANG_ENABLE_MODULES = YES;
				CLANG_ENABLE_OBJC_ARC = YES;
				CLANG_ENABLE_OBJC_WEAK = YES;
				CLANG_WARN_BLOCK_CAPTURE_AUTORELEASING = YES;
				CLANG_WARN_BOOL_CONVERSION = YES;
				CLANG_WARN_COMMA = YES;
				CLANG_WARN_CONSTANT_CONVERSION = YES;
				CLANG_WARN_DEPRECATED_OBJC_IMPLEMENTATIONS = YES;
				CLANG_WARN_DIRECT_OBJC_ISA_USAGE = YES_ERROR;
				CLANG_WARN_DOCUMENTATION_COMMENTS = YES;
				CLANG_WARN_EMPTY_BODY = YES;
				CLANG_WARN_ENUM_CONVERSION = YES;
				CLANG_WARN_INFINITE_RECURSION = YES;
				CLANG_WARN_INT_CONVERSION = YES;
				CLANG_WARN_NON_LITERAL_NULL_CONVERSION = YES;
				CLANG_WARN_OBJC_IMPLICIT_RETAIN_SELF = YES;
				CLANG_WARN_OBJC_LITERAL_CONVERSION = YES;
				CLANG_WARN_OBJC_ROOT_CLASS = YES_ERROR;
				CLANG_WARN_RANGE_LOOP_ANALYSIS = YES;
				CLANG_WARN_STRICT_PROTOTYPES = YES;
				CLANG_WARN_SUSPICIOUS_MOVE = YES;
				CLANG_WARN_UNGUARDED_AVAILABILITY = YES_AGGRESSIVE;
				CLANG_WARN_UNREACHABLE_CODE = YES;
				CLANG_WARN__DUPLICATE_METHOD_MATCH = YES;
				COPY_PHASE_STRIP = NO;
				DEBUG_INFORMATION_FORMAT = "dwarf-with-dsym";
				ENABLE_NS_ASSERTIONS = NO;
				ENABLE_STRICT_OBJC_MSGSEND = YES;
				GCC_C_LANGUAGE_STANDARD = gnu11;
				GCC_NO_COMMON_BLOCKS = YES;
				GCC_WARN_64_TO_32_BIT_CONVERSION = YES;
				GCC_WARN_ABOUT_RETURN_TYPE = YES_ERROR;
				GCC_WARN_UNDECLARED_SELECTOR = YES;
				GCC_WARN_UNINITIALIZED_AUTOS = YES_AGGRESSIVE;
				GCC_WARN_UNUSED_FUNCTION = YES;
				GCC_WARN_UNUSED_VARIABLE = YES;
				IPHONEOS_DEPLOYMENT_TARGET = 13.6;
				MTL_ENABLE_DEBUG_INFO = NO;
				MTL_FAST_MATH = YES;
				SDKROOT = iphoneos;
				SWIFT_COMPILATION_MODE = wholemodule;
				SWIFT_OPTIMIZATION_LEVEL = "-O";
				VALIDATE_PRODUCT = YES;
			};
			name = Release;
		};
		31801B45256BDD3300492439 /* Debug */ = {
			isa = XCBuildConfiguration;
			buildSettings = {
				ASSETCATALOG_COMPILER_APPICON_NAME = AppIcon;
				CODE_SIGN_STYLE = Automatic;
				DEVELOPMENT_TEAM = XF933W4XP3;
				INFOPLIST_FILE = SecondKadaiApp03/Info.plist;
				LD_RUNPATH_SEARCH_PATHS = (
					"$(inherited)",
					"@executable_path/Frameworks",
				);
				PRODUCT_BUNDLE_IDENTIFIER = jp.techacademy.gityt1116tomo.SecondKadaiApp03;
				PRODUCT_NAME = "$(TARGET_NAME)";
				SWIFT_VERSION = 5.0;
				TARGETED_DEVICE_FAMILY = "1,2";
			};
			name = Debug;
		};
		31801B46256BDD3300492439 /* Release */ = {
			isa = XCBuildConfiguration;
			buildSettings = {
				ASSETCATALOG_COMPILER_APPICON_NAME = AppIcon;
				CODE_SIGN_STYLE = Automatic;
				DEVELOPMENT_TEAM = XF933W4XP3;
				INFOPLIST_FILE = SecondKadaiApp03/Info.plist;
				LD_RUNPATH_SEARCH_PATHS = (
					"$(inherited)",
					"@executable_path/Frameworks",
				);
				PRODUCT_BUNDLE_IDENTIFIER = jp.techacademy.gityt1116tomo.SecondKadaiApp03;
				PRODUCT_NAME = "$(TARGET_NAME)";
				SWIFT_VERSION = 5.0;
				TARGETED_DEVICE_FAMILY = "1,2";
			};
			name = Release;
		};
/* End XCBuildConfiguration section */

/* Begin XCConfigurationList section */
		31801B2B256BDD3200492439 /* Build configuration list for PBXProject "SecondKadaiApp03" */ = {
			isa = XCConfigurationList;
			buildConfigurations = (
				31801B42256BDD3300492439 /* Debug */,
				31801B43256BDD3300492439 /* Release */,
			);
			defaultConfigurationIsVisible = 0;
			defaultConfigurationName = Release;
		};
		31801B44256BDD3300492439 /* Build configuration list for PBXNativeTarget "SecondKadaiApp03" */ = {
			isa = XCConfigurationList;
			buildConfigurations = (
				31801B45256BDD3300492439 /* Debug */,
				31801B46256BDD3300492439 /* Release */,
			);
			defaultConfigurationIsVisible = 0;
			defaultConfigurationName = Release;
		};
/* End XCConfigurationList section */
	};
	rootObject = 31801B28256BDD3200492439 /* Project object */;
}
